
Microsoft Visual Studio Solution File, Format Version 12.00
# Visual Studio 2017
Project("{FAE04EC0-301F-11D3-BF4B-00C04F79EFBC}") = "EduneraTask", "EduneraTask.csproj", "{D1E9D872-836E-7ED0-7237-2EEECF6BCB9C}"
EndProject
Project("{FAE04EC0-301F-11D3-BF4B-00C04F79EFBC}") = "EduneraTask.Plugins", "EduneraTask.Plugins.csproj", "{FCD0A0EA-CB5B-8D2D-8BDF-214F68382273}"
EndProject
Project("{FAE04EC0-301F-11D3-BF4B-00C04F79EFBC}") = "EduneraTask.Editor.Plugins", "EduneraTask.Editor.Plugins.csproj", "{8075F239-83F9-4FDE-A850-371BB01D2F8B}"
EndProject
Global
	GlobalSection(SolutionConfigurationPlatforms) = preSolution
		Debug|Any CPU = Debug|Any CPU
		Release|Any CPU = Release|Any CPU
	EndGlobalSection
	GlobalSection(ProjectConfigurationPlatforms) = postSolution
		{D1E9D872-836E-7ED0-7237-2EEECF6BCB9C}.Debug|Any CPU.ActiveCfg = Debug|Any CPU
		{D1E9D872-836E-7ED0-7237-2EEECF6BCB9C}.Debug|Any CPU.Build.0 = Debug|Any CPU
		{D1E9D872-836E-7ED0-7237-2EEECF6BCB9C}.Release|Any CPU.ActiveCfg = Release|Any CPU
		{D1E9D872-836E-7ED0-7237-2EEECF6BCB9C}.Release|Any CPU.Build.0 = Release|Any CPU
		{FCD0A0EA-CB5B-8D2D-8BDF-214F68382273}.Debug|Any CPU.ActiveCfg = Debug|Any CPU
		{FCD0A0EA-CB5B-8D2D-8BDF-214F68382273}.Debug|Any CPU.Build.0 = Debug|Any CPU
		{FCD0A0EA-CB5B-8D2D-8BDF-214F68382273}.Release|Any CPU.ActiveCfg = Release|Any CPU
		{FCD0A0EA-CB5B-8D2D-8BDF-214F68382273}.Release|Any CPU.Build.0 = Release|Any CPU
		{8075F239-83F9-4FDE-A850-371BB01D2F8B}.Debug|Any CPU.ActiveCfg = Debug|Any CPU
		{8075F239-83F9-4FDE-A850-371BB01D2F8B}.Debug|Any CPU.Build.0 = Debug|Any CPU
		{8075F239-83F9-4FDE-A850-371BB01D2F8B}.Release|Any CPU.ActiveCfg = Release|Any CPU
		{8075F239-83F9-4FDE-A850-371BB01D2F8B}.Release|Any CPU.Build.0 = Release|Any CPU
	EndGlobalSection
	GlobalSection(SolutionProperties) = preSolution
		HideSolutionNode = FALSE
	EndGlobalSection
EndGlobal
