
Microsoft Visual Studio Solution File, Format Version 12.00
# Visual Studio 2017
Project("{FAE04EC0-301F-11D3-BF4B-00C04F79EFBC}") = "Single-Player-Zombie-Defense", "Single-Player-Zombie-Defense.csproj", "{FD36DAF5-6C4C-4BD9-31B9-314AAEF06C96}"
EndProject
Project("{FAE04EC0-301F-11D3-BF4B-00C04F79EFBC}") = "Single-Player-Zombie-Defense.Plugins", "Single-Player-Zombie-Defense.Plugins.csproj", "{1250707F-9D3B-47D0-5EC6-97F6A8998E10}"
EndProject
Project("{FAE04EC0-301F-11D3-BF4B-00C04F79EFBC}") = "Single-Player-Zombie-Defense.Editor.Plugins", "Single-Player-Zombie-Defense.Editor.Plugins.csproj", "{D567F73F-7ECF-8D1D-8079-EB32BC6F276C}"
EndProject
Global
	GlobalSection(SolutionConfigurationPlatforms) = preSolution
		Debug|Any CPU = Debug|Any CPU
		Release|Any CPU = Release|Any CPU
	EndGlobalSection
	GlobalSection(ProjectConfigurationPlatforms) = postSolution
		{FD36DAF5-6C4C-4BD9-31B9-314AAEF06C96}.Debug|Any CPU.ActiveCfg = Debug|Any CPU
		{FD36DAF5-6C4C-4BD9-31B9-314AAEF06C96}.Debug|Any CPU.Build.0 = Debug|Any CPU
		{FD36DAF5-6C4C-4BD9-31B9-314AAEF06C96}.Release|Any CPU.ActiveCfg = Release|Any CPU
		{FD36DAF5-6C4C-4BD9-31B9-314AAEF06C96}.Release|Any CPU.Build.0 = Release|Any CPU
		{1250707F-9D3B-47D0-5EC6-97F6A8998E10}.Debug|Any CPU.ActiveCfg = Debug|Any CPU
		{1250707F-9D3B-47D0-5EC6-97F6A8998E10}.Debug|Any CPU.Build.0 = Debug|Any CPU
		{1250707F-9D3B-47D0-5EC6-97F6A8998E10}.Release|Any CPU.ActiveCfg = Release|Any CPU
		{1250707F-9D3B-47D0-5EC6-97F6A8998E10}.Release|Any CPU.Build.0 = Release|Any CPU
		{D567F73F-7ECF-8D1D-8079-EB32BC6F276C}.Debug|Any CPU.ActiveCfg = Debug|Any CPU
		{D567F73F-7ECF-8D1D-8079-EB32BC6F276C}.Debug|Any CPU.Build.0 = Debug|Any CPU
		{D567F73F-7ECF-8D1D-8079-EB32BC6F276C}.Release|Any CPU.ActiveCfg = Release|Any CPU
		{D567F73F-7ECF-8D1D-8079-EB32BC6F276C}.Release|Any CPU.Build.0 = Release|Any CPU
	EndGlobalSection
	GlobalSection(SolutionProperties) = preSolution
		HideSolutionNode = FALSE
	EndGlobalSection
EndGlobal
